
Microsoft Visual Studio Solution File, Format Version 12.00
# Visual Studio Version 17
VisualStudioVersion = 17.11.35222.181
MinimumVisualStudioVersion = 10.0.40219.1
Project("{FAE04EC0-301F-11D3-BF4B-00C04F79EFBC}") = "Smartphone", "Smartphone.csproj", "{8D926928-9DAD-453F-9894-7E4BA475C79D}"
EndProject
Global
	GlobalSection(SolutionConfigurationPlatforms) = preSolution
		Debug|Any CPU = Debug|Any CPU
		Release|Any CPU = Release|Any CPU
	EndGlobalSection
	GlobalSection(ProjectConfigurationPlatforms) = postSolution
		{8D926928-9DAD-453F-9894-7E4BA475C79D}.Debug|Any CPU.ActiveCfg = Debug|Any CPU
		{8D926928-9DAD-453F-9894-7E4BA475C79D}.Debug|Any CPU.Build.0 = Debug|Any CPU
		{8D926928-9DAD-453F-9894-7E4BA475C79D}.Release|Any CPU.ActiveCfg = Release|Any CPU
		{8D926928-9DAD-453F-9894-7E4BA475C79D}.Release|Any CPU.Build.0 = Release|Any CPU
	EndGlobalSection
	GlobalSection(SolutionProperties) = preSolution
		HideSolutionNode = FALSE
	EndGlobalSection
	GlobalSection(ExtensibilityGlobals) = postSolution
		SolutionGuid = {67C2F781-9475-4771-A9EC-09D370E31427}
	EndGlobalSection
EndGlobal
